
Microsoft Visual Studio Solution File, Format Version 12.00
# Visual Studio Version 16
VisualStudioVersion = 16.0.31025.194
MinimumVisualStudioVersion = 10.0.40219.1
Project("{FAE04EC0-301F-11D3-BF4B-00C04F79EFBC}") = "Manage School Data", "Manage School Data\Manage School Data.csproj", "{ADE2CBB7-89A5-4C63-8A56-4A3913B43E20}"
EndProject
Project("{FAE04EC0-301F-11D3-BF4B-00C04F79EFBC}") = "DataLayer", "DataLayer\DataLayer.csproj", "{6D30DA4A-30CF-4B92-BC00-AAC954ED4058}"
EndProject
Project("{FAE04EC0-301F-11D3-BF4B-00C04F79EFBC}") = "Models", "Models\Models.csproj", "{1F41514E-2A67-451C-B56F-E19FEE9141E2}"
EndProject
Global
	GlobalSection(SolutionConfigurationPlatforms) = preSolution
		Debug|Any CPU = Debug|Any CPU
		Release|Any CPU = Release|Any CPU
	EndGlobalSection
	GlobalSection(ProjectConfigurationPlatforms) = postSolution
		{ADE2CBB7-89A5-4C63-8A56-4A3913B43E20}.Debug|Any CPU.ActiveCfg = Debug|Any CPU
		{ADE2CBB7-89A5-4C63-8A56-4A3913B43E20}.Debug|Any CPU.Build.0 = Debug|Any CPU
		{ADE2CBB7-89A5-4C63-8A56-4A3913B43E20}.Release|Any CPU.ActiveCfg = Release|Any CPU
		{ADE2CBB7-89A5-4C63-8A56-4A3913B43E20}.Release|Any CPU.Build.0 = Release|Any CPU
		{6D30DA4A-30CF-4B92-BC00-AAC954ED4058}.Debug|Any CPU.ActiveCfg = Debug|Any CPU
		{6D30DA4A-30CF-4B92-BC00-AAC954ED4058}.Debug|Any CPU.Build.0 = Debug|Any CPU
		{6D30DA4A-30CF-4B92-BC00-AAC954ED4058}.Release|Any CPU.ActiveCfg = Release|Any CPU
		{6D30DA4A-30CF-4B92-BC00-AAC954ED4058}.Release|Any CPU.Build.0 = Release|Any CPU
		{1F41514E-2A67-451C-B56F-E19FEE9141E2}.Debug|Any CPU.ActiveCfg = Debug|Any CPU
		{1F41514E-2A67-451C-B56F-E19FEE9141E2}.Debug|Any CPU.Build.0 = Debug|Any CPU
		{1F41514E-2A67-451C-B56F-E19FEE9141E2}.Release|Any CPU.ActiveCfg = Release|Any CPU
		{1F41514E-2A67-451C-B56F-E19FEE9141E2}.Release|Any CPU.Build.0 = Release|Any CPU
	EndGlobalSection
	GlobalSection(SolutionProperties) = preSolution
		HideSolutionNode = FALSE
	EndGlobalSection
	GlobalSection(ExtensibilityGlobals) = postSolution
		SolutionGuid = {D6AC5326-BF82-4537-AA50-36778D448859}
	EndGlobalSection
EndGlobal
